
Microsoft Visual Studio Solution File, Format Version 12.00
# Visual Studio 15
VisualStudioVersion = 15.0.28307.106
MinimumVisualStudioVersion = 10.0.40219.1
Project("{FAE04EC0-301F-11D3-BF4B-00C04F79EFBC}") = "GitTest", "GitTest\GitTest.csproj", "{49F095D3-D060-4415-8234-17FF2620D600}"
EndProject
Global
	GlobalSection(SolutionConfigurationPlatforms) = preSolution
		Debug|Any CPU = Debug|Any CPU
		Release|Any CPU = Release|Any CPU
	EndGlobalSection
	GlobalSection(ProjectConfigurationPlatforms) = postSolution
		{49F095D3-D060-4415-8234-17FF2620D600}.Debug|Any CPU.ActiveCfg = Debug|Any CPU
		{49F095D3-D060-4415-8234-17FF2620D600}.Debug|Any CPU.Build.0 = Debug|Any CPU
		{49F095D3-D060-4415-8234-17FF2620D600}.Release|Any CPU.ActiveCfg = Release|Any CPU
		{49F095D3-D060-4415-8234-17FF2620D600}.Release|Any CPU.Build.0 = Release|Any CPU
	EndGlobalSection
	GlobalSection(SolutionProperties) = preSolution
		HideSolutionNode = FALSE
	EndGlobalSection
	GlobalSection(ExtensibilityGlobals) = postSolution
		SolutionGuid = {92AF7E82-4ACA-4FA4-A22C-6C98D9AFA6BE}
	EndGlobalSection
EndGlobal
